
Microsoft Visual Studio Solution File, Format Version 12.00
# Visual Studio 15
VisualStudioVersion = 15.0.35431.46
MinimumVisualStudioVersion = 10.0.40219.1
Project("{FAE04EC0-301F-11D3-BF4B-00C04F79EFBC}") = "MayinTarlasi", "MayinTarlasi\MayinTarlasi.csproj", "{EF311F1E-FBBE-45C2-AFFD-465E86F2F4D0}"
EndProject
Global
	GlobalSection(SolutionConfigurationPlatforms) = preSolution
		Debug|Any CPU = Debug|Any CPU
		Release|Any CPU = Release|Any CPU
	EndGlobalSection
	GlobalSection(ProjectConfigurationPlatforms) = postSolution
		{EF311F1E-FBBE-45C2-AFFD-465E86F2F4D0}.Debug|Any CPU.ActiveCfg = Debug|Any CPU
		{EF311F1E-FBBE-45C2-AFFD-465E86F2F4D0}.Debug|Any CPU.Build.0 = Debug|Any CPU
		{EF311F1E-FBBE-45C2-AFFD-465E86F2F4D0}.Release|Any CPU.ActiveCfg = Release|Any CPU
		{EF311F1E-FBBE-45C2-AFFD-465E86F2F4D0}.Release|Any CPU.Build.0 = Release|Any CPU
	EndGlobalSection
	GlobalSection(SolutionProperties) = preSolution
		HideSolutionNode = FALSE
	EndGlobalSection
	GlobalSection(ExtensibilityGlobals) = postSolution
		SolutionGuid = {3971340C-2777-426A-99DB-00EED8DAC13A}
	EndGlobalSection
EndGlobal
