
Microsoft Visual Studio Solution File, Format Version 12.00
# Visual Studio 15
VisualStudioVersion = 15.0.35213.121
MinimumVisualStudioVersion = 10.0.40219.1
Project("{FAE04EC0-301F-11D3-BF4B-00C04F79EFBC}") = "FlappyBirdGame", "FlappyBirdGame\FlappyBirdGame.csproj", "{618CF0C5-53E4-4B32-A329-8F2C0CB65FB4}"
EndProject
Global
	GlobalSection(SolutionConfigurationPlatforms) = preSolution
		Debug|Any CPU = Debug|Any CPU
		Release|Any CPU = Release|Any CPU
	EndGlobalSection
	GlobalSection(ProjectConfigurationPlatforms) = postSolution
		{618CF0C5-53E4-4B32-A329-8F2C0CB65FB4}.Debug|Any CPU.ActiveCfg = Debug|Any CPU
		{618CF0C5-53E4-4B32-A329-8F2C0CB65FB4}.Debug|Any CPU.Build.0 = Debug|Any CPU
		{618CF0C5-53E4-4B32-A329-8F2C0CB65FB4}.Release|Any CPU.ActiveCfg = Release|Any CPU
		{618CF0C5-53E4-4B32-A329-8F2C0CB65FB4}.Release|Any CPU.Build.0 = Release|Any CPU
	EndGlobalSection
	GlobalSection(SolutionProperties) = preSolution
		HideSolutionNode = FALSE
	EndGlobalSection
	GlobalSection(ExtensibilityGlobals) = postSolution
		SolutionGuid = {52F757F5-2E08-4A6D-B1D1-5BA49C72EB5F}
	EndGlobalSection
EndGlobal
