
Microsoft Visual Studio Solution File, Format Version 12.00
# Visual Studio 15
VisualStudioVersion = 15.0.35213.121
MinimumVisualStudioVersion = 10.0.40219.1
Project("{FAE04EC0-301F-11D3-BF4B-00C04F79EFBC}") = "xox", "xox\xox.csproj", "{A3993692-FBAA-4FDE-B0B9-EDE3CB7CF58D}"
EndProject
Global
	GlobalSection(SolutionConfigurationPlatforms) = preSolution
		Debug|Any CPU = Debug|Any CPU
		Release|Any CPU = Release|Any CPU
	EndGlobalSection
	GlobalSection(ProjectConfigurationPlatforms) = postSolution
		{A3993692-FBAA-4FDE-B0B9-EDE3CB7CF58D}.Debug|Any CPU.ActiveCfg = Debug|Any CPU
		{A3993692-FBAA-4FDE-B0B9-EDE3CB7CF58D}.Debug|Any CPU.Build.0 = Debug|Any CPU
		{A3993692-FBAA-4FDE-B0B9-EDE3CB7CF58D}.Release|Any CPU.ActiveCfg = Release|Any CPU
		{A3993692-FBAA-4FDE-B0B9-EDE3CB7CF58D}.Release|Any CPU.Build.0 = Release|Any CPU
	EndGlobalSection
	GlobalSection(SolutionProperties) = preSolution
		HideSolutionNode = FALSE
	EndGlobalSection
	GlobalSection(ExtensibilityGlobals) = postSolution
		SolutionGuid = {8EF1F98E-7F5C-4AEE-9DB5-004CD94710EB}
	EndGlobalSection
EndGlobal
